
Microsoft Visual Studio Solution File, Format Version 12.00
# Visual Studio 14
VisualStudioVersion = 14.0.25420.1
MinimumVisualStudioVersion = 10.0.40219.1
Project("{FAE04EC0-301F-11D3-BF4B-00C04F79EFBC}") = "ChromiumLirc", "ChromiumLirc\ChromiumLirc.csproj", "{118B82B2-6F58-4434-B9AF-A7CA06EBE754}"
EndProject
Project("{FAE04EC0-301F-11D3-BF4B-00C04F79EFBC}") = "LircSharp", "LircSharp\LircSharp.csproj", "{A18073C3-090B-4DB0-8DE5-4F1CC0B0E36B}"
EndProject
Project("{FAE04EC0-301F-11D3-BF4B-00C04F79EFBC}") = "Lirc2Chromium", "Lirc2Chromium\Lirc2Chromium.csproj", "{708D11DA-EEB9-4D49-B099-1507D146904E}"
EndProject
Project("{FAE04EC0-301F-11D3-BF4B-00C04F79EFBC}") = "FakeLirc", "FakeLirc\FakeLirc.csproj", "{C2D76335-EFC5-4C9C-97B6-2A14583DA4E5}"
EndProject
Global
	GlobalSection(SolutionConfigurationPlatforms) = preSolution
		Debug|Any CPU = Debug|Any CPU
		Release|Any CPU = Release|Any CPU
	EndGlobalSection
	GlobalSection(ProjectConfigurationPlatforms) = postSolution
		{118B82B2-6F58-4434-B9AF-A7CA06EBE754}.Debug|Any CPU.ActiveCfg = Debug|Any CPU
		{118B82B2-6F58-4434-B9AF-A7CA06EBE754}.Debug|Any CPU.Build.0 = Debug|Any CPU
		{118B82B2-6F58-4434-B9AF-A7CA06EBE754}.Release|Any CPU.ActiveCfg = Release|Any CPU
		{118B82B2-6F58-4434-B9AF-A7CA06EBE754}.Release|Any CPU.Build.0 = Release|Any CPU
		{A18073C3-090B-4DB0-8DE5-4F1CC0B0E36B}.Debug|Any CPU.ActiveCfg = Debug|Any CPU
		{A18073C3-090B-4DB0-8DE5-4F1CC0B0E36B}.Debug|Any CPU.Build.0 = Debug|Any CPU
		{A18073C3-090B-4DB0-8DE5-4F1CC0B0E36B}.Release|Any CPU.ActiveCfg = Release|Any CPU
		{A18073C3-090B-4DB0-8DE5-4F1CC0B0E36B}.Release|Any CPU.Build.0 = Release|Any CPU
		{708D11DA-EEB9-4D49-B099-1507D146904E}.Debug|Any CPU.ActiveCfg = Debug|Any CPU
		{708D11DA-EEB9-4D49-B099-1507D146904E}.Debug|Any CPU.Build.0 = Debug|Any CPU
		{708D11DA-EEB9-4D49-B099-1507D146904E}.Release|Any CPU.ActiveCfg = Release|Any CPU
		{708D11DA-EEB9-4D49-B099-1507D146904E}.Release|Any CPU.Build.0 = Release|Any CPU
		{C2D76335-EFC5-4C9C-97B6-2A14583DA4E5}.Debug|Any CPU.ActiveCfg = Debug|Any CPU
		{C2D76335-EFC5-4C9C-97B6-2A14583DA4E5}.Debug|Any CPU.Build.0 = Debug|Any CPU
		{C2D76335-EFC5-4C9C-97B6-2A14583DA4E5}.Release|Any CPU.ActiveCfg = Release|Any CPU
		{C2D76335-EFC5-4C9C-97B6-2A14583DA4E5}.Release|Any CPU.Build.0 = Release|Any CPU
	EndGlobalSection
	GlobalSection(SolutionProperties) = preSolution
		HideSolutionNode = FALSE
	EndGlobalSection
EndGlobal
